
Microsoft Visual Studio Solution File, Format Version 12.00
# Visual Studio Version 17
VisualStudioVersion = 17.9.34622.214
MinimumVisualStudioVersion = 10.0.40219.1
Project("{2150E333-8FDC-42A3-9474-1A3956D46DE8}") = "src", "src", "{76092406-54A7-497F-8D8B-0158604B3CEA}"
EndProject
Project("{2150E333-8FDC-42A3-9474-1A3956D46DE8}") = "core", "core", "{131AFDC7-35D2-46D6-8724-003CCE3BE892}"
EndProject
Project("{2150E333-8FDC-42A3-9474-1A3956D46DE8}") = "infraestructure", "infraestructure", "{9AC11354-0FDE-4248-85A2-112CD320FB9E}"
EndProject
Project("{2150E333-8FDC-42A3-9474-1A3956D46DE8}") = "presentation", "presentation", "{DF83E0A0-5CE1-4763-90A0-A11A3272BEA6}"
EndProject
Project("{9A19103F-16F7-4668-BE54-9A1E7A4F7556}") = "BancoApis.DomainModel", "BancoApis.DomainModel\BancoApis.DomainModel.csproj", "{594D0D5E-699C-4F7B-A493-5B5EE9C5C615}"
EndProject
Project("{9A19103F-16F7-4668-BE54-9A1E7A4F7556}") = "BancoApis.DomainServices", "BancoApis.DomainServices\BancoApis.DomainServices.csproj", "{F18F19B9-24E6-4EBB-9FBE-5C4E59BEAEF6}"
EndProject
Project("{9A19103F-16F7-4668-BE54-9A1E7A4F7556}") = "BancoApis.ApplicationServices", "BancoApis.ApplicationServices\BancoApis.ApplicationServices.csproj", "{BC4C36D6-0CA2-4FA5-AEF9-8FDD70B0CE71}"
EndProject
Project("{9A19103F-16F7-4668-BE54-9A1E7A4F7556}") = "BancoApis.Persistence", "BancoApis.Persistence\BancoApis.Persistence.csproj", "{815AC58E-25B6-4A4E-BF14-01CAC8A50A2B}"
EndProject
Project("{2150E333-8FDC-42A3-9474-1A3956D46DE8}") = "UI", "UI", "{364163A5-D526-4898-BB4B-8ED855D0F645}"
EndProject
Project("{2150E333-8FDC-42A3-9474-1A3956D46DE8}") = "WebApis", "WebApis", "{C04D87E2-AB84-48DC-96C9-5ED1393727EE}"
EndProject
Project("{2150E333-8FDC-42A3-9474-1A3956D46DE8}") = "Shared", "Shared", "{BAF142D5-B8C1-4CB0-B030-94823FC12D2A}"
EndProject
Project("{9A19103F-16F7-4668-BE54-9A1E7A4F7556}") = "BancoApis.Middlewares", "BancoApis.Middlewares\BancoApis.Middlewares.csproj", "{53F7417B-0AEC-403D-8C74-FC435353DF4A}"
EndProject
Project("{9A19103F-16F7-4668-BE54-9A1E7A4F7556}") = "BancoApis.Utilities", "BancoApis.Utilities\BancoApis.Utilities.csproj", "{F018AF60-AF01-44CE-8BDC-0E494288A092}"
EndProject
Project("{9A19103F-16F7-4668-BE54-9A1E7A4F7556}") = "BancoApis.Presenters", "BancoApis.Presenters\BancoApis.Presenters.csproj", "{73E8298E-F884-4B74-A68F-7ECA84908675}"
EndProject
Project("{2150E333-8FDC-42A3-9474-1A3956D46DE8}") = "Gateways", "Gateways", "{4ADA7A10-5E81-4ACC-AB83-BB61A0AC752D}"
EndProject
Project("{9A19103F-16F7-4668-BE54-9A1E7A4F7556}") = "BancoApis.IoC", "BancoApis.IoC\BancoApis.IoC.csproj", "{4AF501B5-368E-4341-9824-9000CB87A934}"
EndProject
Project("{9A19103F-16F7-4668-BE54-9A1E7A4F7556}") = "BancoApis.WebApi", "BancoApis.WebApi\BancoApis.WebApi.csproj", "{FB66306D-F1DA-4CA3-96DF-1BD382C1A128}"
EndProject
Project("{9A19103F-16F7-4668-BE54-9A1E7A4F7556}") = "BancoApis.OperationControllers", "BancoApis.OperationControllers\BancoApis.OperationControllers.csproj", "{DC5AFE60-3DEE-4D4F-AD5E-1117CB03DD29}"
EndProject
Project("{FAE04EC0-301F-11D3-BF4B-00C04F79EFBC}") = "BancoApis.Auth", "BancoApis.Auth\BancoApis.Auth.csproj", "{A32B605E-59E2-4F7D-84DD-718945ACDE7B}"
EndProject
Global
	GlobalSection(SolutionConfigurationPlatforms) = preSolution
		Debug|Any CPU = Debug|Any CPU
		Release|Any CPU = Release|Any CPU
	EndGlobalSection
	GlobalSection(ProjectConfigurationPlatforms) = postSolution
		{594D0D5E-699C-4F7B-A493-5B5EE9C5C615}.Debug|Any CPU.ActiveCfg = Debug|Any CPU
		{594D0D5E-699C-4F7B-A493-5B5EE9C5C615}.Debug|Any CPU.Build.0 = Debug|Any CPU
		{594D0D5E-699C-4F7B-A493-5B5EE9C5C615}.Release|Any CPU.ActiveCfg = Release|Any CPU
		{594D0D5E-699C-4F7B-A493-5B5EE9C5C615}.Release|Any CPU.Build.0 = Release|Any CPU
		{F18F19B9-24E6-4EBB-9FBE-5C4E59BEAEF6}.Debug|Any CPU.ActiveCfg = Debug|Any CPU
		{F18F19B9-24E6-4EBB-9FBE-5C4E59BEAEF6}.Debug|Any CPU.Build.0 = Debug|Any CPU
		{F18F19B9-24E6-4EBB-9FBE-5C4E59BEAEF6}.Release|Any CPU.ActiveCfg = Release|Any CPU
		{F18F19B9-24E6-4EBB-9FBE-5C4E59BEAEF6}.Release|Any CPU.Build.0 = Release|Any CPU
		{BC4C36D6-0CA2-4FA5-AEF9-8FDD70B0CE71}.Debug|Any CPU.ActiveCfg = Debug|Any CPU
		{BC4C36D6-0CA2-4FA5-AEF9-8FDD70B0CE71}.Debug|Any CPU.Build.0 = Debug|Any CPU
		{BC4C36D6-0CA2-4FA5-AEF9-8FDD70B0CE71}.Release|Any CPU.ActiveCfg = Release|Any CPU
		{BC4C36D6-0CA2-4FA5-AEF9-8FDD70B0CE71}.Release|Any CPU.Build.0 = Release|Any CPU
		{815AC58E-25B6-4A4E-BF14-01CAC8A50A2B}.Debug|Any CPU.ActiveCfg = Debug|Any CPU
		{815AC58E-25B6-4A4E-BF14-01CAC8A50A2B}.Debug|Any CPU.Build.0 = Debug|Any CPU
		{815AC58E-25B6-4A4E-BF14-01CAC8A50A2B}.Release|Any CPU.ActiveCfg = Release|Any CPU
		{815AC58E-25B6-4A4E-BF14-01CAC8A50A2B}.Release|Any CPU.Build.0 = Release|Any CPU
		{53F7417B-0AEC-403D-8C74-FC435353DF4A}.Debug|Any CPU.ActiveCfg = Debug|Any CPU
		{53F7417B-0AEC-403D-8C74-FC435353DF4A}.Debug|Any CPU.Build.0 = Debug|Any CPU
		{53F7417B-0AEC-403D-8C74-FC435353DF4A}.Release|Any CPU.ActiveCfg = Release|Any CPU
		{53F7417B-0AEC-403D-8C74-FC435353DF4A}.Release|Any CPU.Build.0 = Release|Any CPU
		{F018AF60-AF01-44CE-8BDC-0E494288A092}.Debug|Any CPU.ActiveCfg = Debug|Any CPU
		{F018AF60-AF01-44CE-8BDC-0E494288A092}.Debug|Any CPU.Build.0 = Debug|Any CPU
		{F018AF60-AF01-44CE-8BDC-0E494288A092}.Release|Any CPU.ActiveCfg = Release|Any CPU
		{F018AF60-AF01-44CE-8BDC-0E494288A092}.Release|Any CPU.Build.0 = Release|Any CPU
		{73E8298E-F884-4B74-A68F-7ECA84908675}.Debug|Any CPU.ActiveCfg = Debug|Any CPU
		{73E8298E-F884-4B74-A68F-7ECA84908675}.Debug|Any CPU.Build.0 = Debug|Any CPU
		{73E8298E-F884-4B74-A68F-7ECA84908675}.Release|Any CPU.ActiveCfg = Release|Any CPU
		{73E8298E-F884-4B74-A68F-7ECA84908675}.Release|Any CPU.Build.0 = Release|Any CPU
		{4AF501B5-368E-4341-9824-9000CB87A934}.Debug|Any CPU.ActiveCfg = Debug|Any CPU
		{4AF501B5-368E-4341-9824-9000CB87A934}.Debug|Any CPU.Build.0 = Debug|Any CPU
		{4AF501B5-368E-4341-9824-9000CB87A934}.Release|Any CPU.ActiveCfg = Release|Any CPU
		{4AF501B5-368E-4341-9824-9000CB87A934}.Release|Any CPU.Build.0 = Release|Any CPU
		{FB66306D-F1DA-4CA3-96DF-1BD382C1A128}.Debug|Any CPU.ActiveCfg = Debug|Any CPU
		{FB66306D-F1DA-4CA3-96DF-1BD382C1A128}.Debug|Any CPU.Build.0 = Debug|Any CPU
		{FB66306D-F1DA-4CA3-96DF-1BD382C1A128}.Release|Any CPU.ActiveCfg = Release|Any CPU
		{FB66306D-F1DA-4CA3-96DF-1BD382C1A128}.Release|Any CPU.Build.0 = Release|Any CPU
		{DC5AFE60-3DEE-4D4F-AD5E-1117CB03DD29}.Debug|Any CPU.ActiveCfg = Debug|Any CPU
		{DC5AFE60-3DEE-4D4F-AD5E-1117CB03DD29}.Debug|Any CPU.Build.0 = Debug|Any CPU
		{DC5AFE60-3DEE-4D4F-AD5E-1117CB03DD29}.Release|Any CPU.ActiveCfg = Release|Any CPU
		{DC5AFE60-3DEE-4D4F-AD5E-1117CB03DD29}.Release|Any CPU.Build.0 = Release|Any CPU
		{A32B605E-59E2-4F7D-84DD-718945ACDE7B}.Debug|Any CPU.ActiveCfg = Debug|Any CPU
		{A32B605E-59E2-4F7D-84DD-718945ACDE7B}.Debug|Any CPU.Build.0 = Debug|Any CPU
		{A32B605E-59E2-4F7D-84DD-718945ACDE7B}.Release|Any CPU.ActiveCfg = Release|Any CPU
		{A32B605E-59E2-4F7D-84DD-718945ACDE7B}.Release|Any CPU.Build.0 = Release|Any CPU
	EndGlobalSection
	GlobalSection(SolutionProperties) = preSolution
		HideSolutionNode = FALSE
	EndGlobalSection
	GlobalSection(NestedProjects) = preSolution
		{131AFDC7-35D2-46D6-8724-003CCE3BE892} = {76092406-54A7-497F-8D8B-0158604B3CEA}
		{9AC11354-0FDE-4248-85A2-112CD320FB9E} = {76092406-54A7-497F-8D8B-0158604B3CEA}
		{DF83E0A0-5CE1-4763-90A0-A11A3272BEA6} = {76092406-54A7-497F-8D8B-0158604B3CEA}
		{594D0D5E-699C-4F7B-A493-5B5EE9C5C615} = {131AFDC7-35D2-46D6-8724-003CCE3BE892}
		{F18F19B9-24E6-4EBB-9FBE-5C4E59BEAEF6} = {131AFDC7-35D2-46D6-8724-003CCE3BE892}
		{BC4C36D6-0CA2-4FA5-AEF9-8FDD70B0CE71} = {131AFDC7-35D2-46D6-8724-003CCE3BE892}
		{815AC58E-25B6-4A4E-BF14-01CAC8A50A2B} = {9AC11354-0FDE-4248-85A2-112CD320FB9E}
		{364163A5-D526-4898-BB4B-8ED855D0F645} = {DF83E0A0-5CE1-4763-90A0-A11A3272BEA6}
		{C04D87E2-AB84-48DC-96C9-5ED1393727EE} = {DF83E0A0-5CE1-4763-90A0-A11A3272BEA6}
		{BAF142D5-B8C1-4CB0-B030-94823FC12D2A} = {76092406-54A7-497F-8D8B-0158604B3CEA}
		{53F7417B-0AEC-403D-8C74-FC435353DF4A} = {9AC11354-0FDE-4248-85A2-112CD320FB9E}
		{F018AF60-AF01-44CE-8BDC-0E494288A092} = {BAF142D5-B8C1-4CB0-B030-94823FC12D2A}
		{73E8298E-F884-4B74-A68F-7ECA84908675} = {9AC11354-0FDE-4248-85A2-112CD320FB9E}
		{4ADA7A10-5E81-4ACC-AB83-BB61A0AC752D} = {76092406-54A7-497F-8D8B-0158604B3CEA}
		{4AF501B5-368E-4341-9824-9000CB87A934} = {4ADA7A10-5E81-4ACC-AB83-BB61A0AC752D}
		{FB66306D-F1DA-4CA3-96DF-1BD382C1A128} = {C04D87E2-AB84-48DC-96C9-5ED1393727EE}
		{DC5AFE60-3DEE-4D4F-AD5E-1117CB03DD29} = {4ADA7A10-5E81-4ACC-AB83-BB61A0AC752D}
		{A32B605E-59E2-4F7D-84DD-718945ACDE7B} = {9AC11354-0FDE-4248-85A2-112CD320FB9E}
	EndGlobalSection
	GlobalSection(ExtensibilityGlobals) = postSolution
		SolutionGuid = {2CE059FD-DA57-4EA5-A1DD-3EBAC8B83A8A}
	EndGlobalSection
EndGlobal
